
Microsoft Visual Studio Solution File, Format Version 12.00
# Visual Studio Version 17
VisualStudioVersion = 17.8.34511.84
MinimumVisualStudioVersion = 10.0.40219.1
Project("{FAE04EC0-301F-11D3-BF4B-00C04F79EFBC}") = "Kaerus", "Kaerus.csproj", "{80CD925A-8780-4316-BC18-CE238592FFD6}"
EndProject
Global
	GlobalSection(SolutionConfigurationPlatforms) = preSolution
		Debug|Any CPU = Debug|Any CPU
		Release|Any CPU = Release|Any CPU
	EndGlobalSection
	GlobalSection(ProjectConfigurationPlatforms) = postSolution
		{80CD925A-8780-4316-BC18-CE238592FFD6}.Debug|Any CPU.ActiveCfg = Debug|Any CPU
		{80CD925A-8780-4316-BC18-CE238592FFD6}.Debug|Any CPU.Build.0 = Debug|Any CPU
		{80CD925A-8780-4316-BC18-CE238592FFD6}.Release|Any CPU.ActiveCfg = Release|Any CPU
		{80CD925A-8780-4316-BC18-CE238592FFD6}.Release|Any CPU.Build.0 = Release|Any CPU
	EndGlobalSection
	GlobalSection(SolutionProperties) = preSolution
		HideSolutionNode = FALSE
	EndGlobalSection
	GlobalSection(ExtensibilityGlobals) = postSolution
		SolutionGuid = {284E16F0-F527-4C87-8021-8A711C0C75BB}
	EndGlobalSection
EndGlobal
